// !$*UTF8*$!
{
	archiveVersion = 1;
	classes = {
	};
	objectVersion = 56;
	objects = {

/* Begin PBXBuildFile section */
		2BDC39DE2964278200D109A1 /* NanoChallengeApp.swift in Sources */ = {isa = PBXBuildFile; fileRef = 2BDC39DD2964278200D109A1 /* NanoChallengeApp.swift */; };
		2BDC39E02964278200D109A1 /* ContentView.swift in Sources */ = {isa = PBXBuildFile; fileRef = 2BDC39DF2964278200D109A1 /* ContentView.swift */; };
		2BDC39E22964278300D109A1 /* Assets.xcassets in Resources */ = {isa = PBXBuildFile; fileRef = 2BDC39E12964278300D109A1 /* Assets.xcassets */; };
		2BDC39E52964278300D109A1 /* Preview Assets.xcassets in Resources */ = {isa = PBXBuildFile; fileRef = 2BDC39E42964278300D109A1 /* Preview Assets.xcassets */; };
		2BDC39F029642B7500D109A1 /* Quotes.swift in Sources */ = {isa = PBXBuildFile; fileRef = 2BDC39EF29642B7500D109A1 /* Quotes.swift */; };
		2BDC39F3296435F500D109A1 /* QuotesService.swift in Sources */ = {isa = PBXBuildFile; fileRef = 2BDC39F2296435F500D109A1 /* QuotesService.swift */; };
		2BDC39F5296448A500D109A1 /* ContentViewModel.swift in Sources */ = {isa = PBXBuildFile; fileRef = 2BDC39F4296448A500D109A1 /* ContentViewModel.swift */; };
		2BDC39F729644D0F00D109A1 /* QuoteView.swift in Sources */ = {isa = PBXBuildFile; fileRef = 2BDC39F629644D0F00D109A1 /* QuoteView.swift */; };
		2BDC39FB296580EE00D109A1 /* Localizable.strings in Resources */ = {isa = PBXBuildFile; fileRef = 2BDC39FD296580EE00D109A1 /* Localizable.strings */; };
		2BDC3A022965A40400D109A1 /* quotes.json in Resources */ = {isa = PBXBuildFile; fileRef = 2BDC3A042965A40400D109A1 /* quotes.json */; };
		2BDC3A052965A40F00D109A1 /* quotesAr.json in Resources */ = {isa = PBXBuildFile; fileRef = 2BDC3A072965A40F00D109A1 /* quotesAr.json */; };
/* End PBXBuildFile section */

/* Begin PBXFileReference section */
		2BDC39DA2964278200D109A1 /* NanoChallenge.app */ = {isa = PBXFileReference; explicitFileType = wrapper.application; includeInIndex = 0; path = NanoChallenge.app; sourceTree = BUILT_PRODUCTS_DIR; };
		2BDC39DD2964278200D109A1 /* NanoChallengeApp.swift */ = {isa = PBXFileReference; lastKnownFileType = sourcecode.swift; path = NanoChallengeApp.swift; sourceTree = "<group>"; };
		2BDC39DF2964278200D109A1 /* ContentView.swift */ = {isa = PBXFileReference; lastKnownFileType = sourcecode.swift; path = ContentView.swift; sourceTree = "<group>"; };
		2BDC39E12964278300D109A1 /* Assets.xcassets */ = {isa = PBXFileReference; lastKnownFileType = folder.assetcatalog; path = Assets.xcassets; sourceTree = "<group>"; };
		2BDC39E42964278300D109A1 /* Preview Assets.xcassets */ = {isa = PBXFileReference; lastKnownFileType = folder.assetcatalog; path = "Preview Assets.xcassets"; sourceTree = "<group>"; };
		2BDC39EF29642B7500D109A1 /* Quotes.swift */ = {isa = PBXFileReference; lastKnownFileType = sourcecode.swift; path = Quotes.swift; sourceTree = "<group>"; };
		2BDC39F2296435F500D109A1 /* QuotesService.swift */ = {isa = PBXFileReference; lastKnownFileType = sourcecode.swift; path = QuotesService.swift; sourceTree = "<group>"; };
		2BDC39F4296448A500D109A1 /* ContentViewModel.swift */ = {isa = PBXFileReference; lastKnownFileType = sourcecode.swift; path = ContentViewModel.swift; sourceTree = "<group>"; };
		2BDC39F629644D0F00D109A1 /* QuoteView.swift */ = {isa = PBXFileReference; lastKnownFileType = sourcecode.swift; path = QuoteView.swift; sourceTree = "<group>"; };
		2BDC39FC296580EE00D109A1 /* en */ = {isa = PBXFileReference; lastKnownFileType = text.plist.strings; name = en; path = en.lproj/Localizable.strings; sourceTree = "<group>"; };
		2BDC39FE2965812100D109A1 /* ar */ = {isa = PBXFileReference; lastKnownFileType = text.plist.strings; name = ar; path = ar.lproj/Localizable.strings; sourceTree = "<group>"; };
		2BDC3A032965A40400D109A1 /* en */ = {isa = PBXFileReference; lastKnownFileType = text.json; name = en; path = en.lproj/quotes.json; sourceTree = "<group>"; };
		2BDC3A062965A40F00D109A1 /* ar */ = {isa = PBXFileReference; lastKnownFileType = text.json; name = ar; path = ar.lproj/quotesAr.json; sourceTree = "<group>"; };
/* End PBXFileReference section */

/* Begin PBXFrameworksBuildPhase section */
		2BDC39D72964278200D109A1 /* Frameworks */ = {
			isa = PBXFrameworksBuildPhase;
			buildActionMask = 2147483647;
			files = (
			);
			runOnlyForDeploymentPostprocessing = 0;
		};
/* End PBXFrameworksBuildPhase section */

/* Begin PBXGroup section */
		2BDC39D12964278200D109A1 = {
			isa = PBXGroup;
			children = (
				2BDC39FD296580EE00D109A1 /* Localizable.strings */,
				2BDC39DC2964278200D109A1 /* NanoChallenge */,
				2BDC39DB2964278200D109A1 /* Products */,
			);
			sourceTree = "<group>";
		};
		2BDC39DB2964278200D109A1 /* Products */ = {
			isa = PBXGroup;
			children = (
				2BDC39DA2964278200D109A1 /* NanoChallenge.app */,
			);
			name = Products;
			sourceTree = "<group>";
		};
		2BDC39DC2964278200D109A1 /* NanoChallenge */ = {
			isa = PBXGroup;
			children = (
				2BDC3A042965A40400D109A1 /* quotes.json */,
				2BDC3A072965A40F00D109A1 /* quotesAr.json */,
				2BDC39F1296435D700D109A1 /* Service */,
				2BDC39ED296428E400D109A1 /* ViewModel */,
				2BDC39EC296428A600D109A1 /* Models */,
				2BDC39EB2964289500D109A1 /* Views */,
				2BDC39DD2964278200D109A1 /* NanoChallengeApp.swift */,
				2BDC39E12964278300D109A1 /* Assets.xcassets */,
				2BDC39E32964278300D109A1 /* Preview Content */,
			);
			path = NanoChallenge;
			sourceTree = "<group>";
		};
		2BDC39E32964278300D109A1 /* Preview Content */ = {
			isa = PBXGroup;
			children = (
				2BDC39E42964278300D109A1 /* Preview Assets.xcassets */,
			);
			path = "Preview Content";
			sourceTree = "<group>";
		};
		2BDC39EB2964289500D109A1 /* Views */ = {
			isa = PBXGroup;
			children = (
				2BDC39DF2964278200D109A1 /* ContentView.swift */,
				2BDC39F629644D0F00D109A1 /* QuoteView.swift */,
			);
			path = Views;
			sourceTree = "<group>";
		};
		2BDC39EC296428A600D109A1 /* Models */ = {
			isa = PBXGroup;
			children = (
				2BDC39EF29642B7500D109A1 /* Quotes.swift */,
			);
			path = Models;
			sourceTree = "<group>";
		};
		2BDC39ED296428E400D109A1 /* ViewModel */ = {
			isa = PBXGroup;
			children = (
				2BDC39F4296448A500D109A1 /* ContentViewModel.swift */,
			);
			path = ViewModel;
			sourceTree = "<group>";
		};
		2BDC39F1296435D700D109A1 /* Service */ = {
			isa = PBXGroup;
			children = (
				2BDC39F2296435F500D109A1 /* QuotesService.swift */,
			);
			path = Service;
			sourceTree = "<group>";
		};
/* End PBXGroup section */

/* Begin PBXNativeTarget section */
		2BDC39D92964278200D109A1 /* NanoChallenge */ = {
			isa = PBXNativeTarget;
			buildConfigurationList = 2BDC39E82964278300D109A1 /* Build configuration list for PBXNativeTarget "NanoChallenge" */;
			buildPhases = (
				2BDC39D62964278200D109A1 /* Sources */,
				2BDC39D72964278200D109A1 /* Frameworks */,
				2BDC39D82964278200D109A1 /* Resources */,
			);
			buildRules = (
			);
			dependencies = (
			);
			name = NanoChallenge;
			productName = NanoChallenge;
			productReference = 2BDC39DA2964278200D109A1 /* NanoChallenge.app */;
			productType = "com.apple.product-type.application";
		};
/* End PBXNativeTarget section */

/* Begin PBXProject section */
		2BDC39D22964278200D109A1 /* Project object */ = {
			isa = PBXProject;
			attributes = {
				BuildIndependentTargetsInParallel = 1;
				LastSwiftUpdateCheck = 1400;
				LastUpgradeCheck = 1400;
				TargetAttributes = {
					2BDC39D92964278200D109A1 = {
						CreatedOnToolsVersion = 14.0.1;
					};
				};
			};
			buildConfigurationList = 2BDC39D52964278200D109A1 /* Build configuration list for PBXProject "NanoChallenge" */;
			compatibilityVersion = "Xcode 14.0";
			developmentRegion = en;
			hasScannedForEncodings = 0;
			knownRegions = (
				en,
				Base,
				ar,
			);
			mainGroup = 2BDC39D12964278200D109A1;
			packageReferences = (
			);
			productRefGroup = 2BDC39DB2964278200D109A1 /* Products */;
			projectDirPath = "";
			projectRoot = "";
			targets = (
				2BDC39D92964278200D109A1 /* NanoChallenge */,
			);
		};
/* End PBXProject section */

/* Begin PBXResourcesBuildPhase section */
		2BDC39D82964278200D109A1 /* Resources */ = {
			isa = PBXResourcesBuildPhase;
			buildActionMask = 2147483647;
			files = (
				2BDC3A052965A40F00D109A1 /* quotesAr.json in Resources */,
				2BDC39E52964278300D109A1 /* Preview Assets.xcassets in Resources */,
				2BDC39FB296580EE00D109A1 /* Localizable.strings in Resources */,
				2BDC39E22964278300D109A1 /* Assets.xcassets in Resources */,
				2BDC3A022965A40400D109A1 /* quotes.json in Resources */,
			);
			runOnlyForDeploymentPostprocessing = 0;
		};
/* End PBXResourcesBuildPhase section */

/* Begin PBXSourcesBuildPhase section */
		2BDC39D62964278200D109A1 /* Sources */ = {
			isa = PBXSourcesBuildPhase;
			buildActionMask = 2147483647;
			files = (
				2BDC39F3296435F500D109A1 /* QuotesService.swift in Sources */,
				2BDC39F729644D0F00D109A1 /* QuoteView.swift in Sources */,
				2BDC39E02964278200D109A1 /* ContentView.swift in Sources */,
				2BDC39DE2964278200D109A1 /* NanoChallengeApp.swift in Sources */,
				2BDC39F029642B7500D109A1 /* Quotes.swift in Sources */,
				2BDC39F5296448A500D109A1 /* ContentViewModel.swift in Sources */,
			);
			runOnlyForDeploymentPostprocessing = 0;
		};
/* End PBXSourcesBuildPhase section */

/* Begin PBXVariantGroup section */
		2BDC39FD296580EE00D109A1 /* Localizable.strings */ = {
			isa = PBXVariantGroup;
			children = (
				2BDC39FC296580EE00D109A1 /* en */,
				2BDC39FE2965812100D109A1 /* ar */,
			);
			name = Localizable.strings;
			sourceTree = "<group>";
		};
		2BDC3A042965A40400D109A1 /* quotes.json */ = {
			isa = PBXVariantGroup;
			children = (
				2BDC3A032965A40400D109A1 /* en */,
			);
			name = quotes.json;
			sourceTree = "<group>";
		};
		2BDC3A072965A40F00D109A1 /* quotesAr.json */ = {
			isa = PBXVariantGroup;
			children = (
				2BDC3A062965A40F00D109A1 /* ar */,
			);
			name = quotesAr.json;
			sourceTree = "<group>";
		};
/* End PBXVariantGroup section */

/* Begin XCBuildConfiguration section */
		2BDC39E62964278300D109A1 /* Debug */ = {
			isa = XCBuildConfiguration;
			buildSettings = {
				ALWAYS_SEARCH_USER_PATHS = NO;
				CLANG_ANALYZER_NONNULL = YES;
				CLANG_ANALYZER_NUMBER_OBJECT_CONVERSION = YES_AGGRESSIVE;
				CLANG_CXX_LANGUAGE_STANDARD = "gnu++20";
				CLANG_ENABLE_MODULES = YES;
				CLANG_ENABLE_OBJC_ARC = YES;
				CLANG_ENABLE_OBJC_WEAK = YES;
				CLANG_WARN_BLOCK_CAPTURE_AUTORELEASING = YES;
				CLANG_WARN_BOOL_CONVERSION = YES;
				CLANG_WARN_COMMA = YES;
				CLANG_WARN_CONSTANT_CONVERSION = YES;
				CLANG_WARN_DEPRECATED_OBJC_IMPLEMENTATIONS = YES;
				CLANG_WARN_DIRECT_OBJC_ISA_USAGE = YES_ERROR;
				CLANG_WARN_DOCUMENTATION_COMMENTS = YES;
				CLANG_WARN_EMPTY_BODY = YES;
				CLANG_WARN_ENUM_CONVERSION = YES;
				CLANG_WARN_INFINITE_RECURSION = YES;
				CLANG_WARN_INT_CONVERSION = YES;
				CLANG_WARN_NON_LITERAL_NULL_CONVERSION = YES;
				CLANG_WARN_OBJC_IMPLICIT_RETAIN_SELF = YES;
				CLANG_WARN_OBJC_LITERAL_CONVERSION = YES;
				CLANG_WARN_OBJC_ROOT_CLASS = YES_ERROR;
				CLANG_WARN_QUOTED_INCLUDE_IN_FRAMEWORK_HEADER = YES;
				CLANG_WARN_RANGE_LOOP_ANALYSIS = YES;
				CLANG_WARN_STRICT_PROTOTYPES = YES;
				CLANG_WARN_SUSPICIOUS_MOVE = YES;
				CLANG_WARN_UNGUARDED_AVAILABILITY = YES_AGGRESSIVE;
				CLANG_WARN_UNREACHABLE_CODE = YES;
				CLANG_WARN__DUPLICATE_METHOD_MATCH = YES;
				COPY_PHASE_STRIP = NO;
				DEBUG_INFORMATION_FORMAT = dwarf;
				ENABLE_STRICT_OBJC_MSGSEND = YES;
				ENABLE_TESTABILITY = YES;
				GCC_C_LANGUAGE_STANDARD = gnu11;
				GCC_DYNAMIC_NO_PIC = NO;
				GCC_NO_COMMON_BLOCKS = YES;
				GCC_OPTIMIZATION_LEVEL = 0;
				GCC_PREPROCESSOR_DEFINITIONS = (
					"DEBUG=1",
					"$(inherited)",
				);
				GCC_WARN_64_TO_32_BIT_CONVERSION = YES;
				GCC_WARN_ABOUT_RETURN_TYPE = YES_ERROR;
				GCC_WARN_UNDECLARED_SELECTOR = YES;
				GCC_WARN_UNINITIALIZED_AUTOS = YES_AGGRESSIVE;
				GCC_WARN_UNUSED_FUNCTION = YES;
				GCC_WARN_UNUSED_VARIABLE = YES;
				IPHONEOS_DEPLOYMENT_TARGET = 16.0;
				MTL_ENABLE_DEBUG_INFO = INCLUDE_SOURCE;
				MTL_FAST_MATH = YES;
				ONLY_ACTIVE_ARCH = YES;
				SDKROOT = iphoneos;
				SWIFT_ACTIVE_COMPILATION_CONDITIONS = DEBUG;
				SWIFT_OPTIMIZATION_LEVEL = "-Onone";
			};
			name = Debug;
		};
		2BDC39E72964278300D109A1 /* Release */ = {
			isa = XCBuildConfiguration;
			buildSettings = {
				ALWAYS_SEARCH_USER_PATHS = NO;
				CLANG_ANALYZER_NONNULL = YES;
				CLANG_ANALYZER_NUMBER_OBJECT_CONVERSION = YES_AGGRESSIVE;
				CLANG_CXX_LANGUAGE_STANDARD = "gnu++20";
				CLANG_ENABLE_MODULES = YES;
				CLANG_ENABLE_OBJC_ARC = YES;
				CLANG_ENABLE_OBJC_WEAK = YES;
				CLANG_WARN_BLOCK_CAPTURE_AUTORELEASING = YES;
				CLANG_WARN_BOOL_CONVERSION = YES;
				CLANG_WARN_COMMA = YES;
				CLANG_WARN_CONSTANT_CONVERSION = YES;
				CLANG_WARN_DEPRECATED_OBJC_IMPLEMENTATIONS = YES;
				CLANG_WARN_DIRECT_OBJC_ISA_USAGE = YES_ERROR;
				CLANG_WARN_DOCUMENTATION_COMMENTS = YES;
				CLANG_WARN_EMPTY_BODY = YES;
				CLANG_WARN_ENUM_CONVERSION = YES;
				CLANG_WARN_INFINITE_RECURSION = YES;
				CLANG_WARN_INT_CONVERSION = YES;
				CLANG_WARN_NON_LITERAL_NULL_CONVERSION = YES;
				CLANG_WARN_OBJC_IMPLICIT_RETAIN_SELF = YES;
				CLANG_WARN_OBJC_LITERAL_CONVERSION = YES;
				CLANG_WARN_OBJC_ROOT_CLASS = YES_ERROR;
				CLANG_WARN_QUOTED_INCLUDE_IN_FRAMEWORK_HEADER = YES;
				CLANG_WARN_RANGE_LOOP_ANALYSIS = YES;
				CLANG_WARN_STRICT_PROTOTYPES = YES;
				CLANG_WARN_SUSPICIOUS_MOVE = YES;
				CLANG_WARN_UNGUARDED_AVAILABILITY = YES_AGGRESSIVE;
				CLANG_WARN_UNREACHABLE_CODE = YES;
				CLANG_WARN__DUPLICATE_METHOD_MATCH = YES;
				COPY_PHASE_STRIP = NO;
				DEBUG_INFORMATION_FORMAT = "dwarf-with-dsym";
				ENABLE_NS_ASSERTIONS = NO;
				ENABLE_STRICT_OBJC_MSGSEND = YES;
				GCC_C_LANGUAGE_STANDARD = gnu11;
				GCC_NO_COMMON_BLOCKS = YES;
				GCC_WARN_64_TO_32_BIT_CONVERSION = YES;
				GCC_WARN_ABOUT_RETURN_TYPE = YES_ERROR;
				GCC_WARN_UNDECLARED_SELECTOR = YES;
				GCC_WARN_UNINITIALIZED_AUTOS = YES_AGGRESSIVE;
				GCC_WARN_UNUSED_FUNCTION = YES;
				GCC_WARN_UNUSED_VARIABLE = YES;
				IPHONEOS_DEPLOYMENT_TARGET = 16.0;
				MTL_ENABLE_DEBUG_INFO = NO;
				MTL_FAST_MATH = YES;
				SDKROOT = iphoneos;
				SWIFT_COMPILATION_MODE = wholemodule;
				SWIFT_OPTIMIZATION_LEVEL = "-O";
				VALIDATE_PRODUCT = YES;
			};
			name = Release;
		};
		2BDC39E92964278300D109A1 /* Debug */ = {
			isa = XCBuildConfiguration;
			buildSettings = {
				ASSETCATALOG_COMPILER_APPICON_NAME = AppIcon;
				ASSETCATALOG_COMPILER_GLOBAL_ACCENT_COLOR_NAME = AccentColor;
				CODE_SIGN_STYLE = Automatic;
				CURRENT_PROJECT_VERSION = 1;
				DEVELOPMENT_ASSET_PATHS = "\"NanoChallenge/Preview Content\"";
				DEVELOPMENT_TEAM = 7MYQ7W5DQV;
				ENABLE_PREVIEWS = YES;
				GENERATE_INFOPLIST_FILE = YES;
				INFOPLIST_KEY_UIApplicationSceneManifest_Generation = YES;
				INFOPLIST_KEY_UIApplicationSupportsIndirectInputEvents = YES;
				INFOPLIST_KEY_UILaunchScreen_Generation = YES;
				INFOPLIST_KEY_UISupportedInterfaceOrientations_iPad = "UIInterfaceOrientationPortrait UIInterfaceOrientationPortraitUpsideDown UIInterfaceOrientationLandscapeLeft UIInterfaceOrientationLandscapeRight";
				INFOPLIST_KEY_UISupportedInterfaceOrientations_iPhone = "UIInterfaceOrientationPortrait UIInterfaceOrientationLandscapeLeft UIInterfaceOrientationLandscapeRight";
				LD_RUNPATH_SEARCH_PATHS = (
					"$(inherited)",
					"@executable_path/Frameworks",
				);
				MARKETING_VERSION = 1.0;
				PRODUCT_BUNDLE_IDENTIFIER = com.NanoChallenge;
				PRODUCT_NAME = "$(TARGET_NAME)";
				SWIFT_EMIT_LOC_STRINGS = YES;
				SWIFT_VERSION = 5.0;
				TARGETED_DEVICE_FAMILY = "1,2";
			};
			name = Debug;
		};
		2BDC39EA2964278300D109A1 /* Release */ = {
			isa = XCBuildConfiguration;
			buildSettings = {
				ASSETCATALOG_COMPILER_APPICON_NAME = AppIcon;
				ASSETCATALOG_COMPILER_GLOBAL_ACCENT_COLOR_NAME = AccentColor;
				CODE_SIGN_STYLE = Automatic;
				CURRENT_PROJECT_VERSION = 1;
				DEVELOPMENT_ASSET_PATHS = "\"NanoChallenge/Preview Content\"";
				DEVELOPMENT_TEAM = 7MYQ7W5DQV;
				ENABLE_PREVIEWS = YES;
				GENERATE_INFOPLIST_FILE = YES;
				INFOPLIST_KEY_UIApplicationSceneManifest_Generation = YES;
				INFOPLIST_KEY_UIApplicationSupportsIndirectInputEvents = YES;
				INFOPLIST_KEY_UILaunchScreen_Generation = YES;
				INFOPLIST_KEY_UISupportedInterfaceOrientations_iPad = "UIInterfaceOrientationPortrait UIInterfaceOrientationPortraitUpsideDown UIInterfaceOrientationLandscapeLeft UIInterfaceOrientationLandscapeRight";
				INFOPLIST_KEY_UISupportedInterfaceOrientations_iPhone = "UIInterfaceOrientationPortrait UIInterfaceOrientationLandscapeLeft UIInterfaceOrientationLandscapeRight";
				LD_RUNPATH_SEARCH_PATHS = (
					"$(inherited)",
					"@executable_path/Frameworks",
				);
				MARKETING_VERSION = 1.0;
				PRODUCT_BUNDLE_IDENTIFIER = com.NanoChallenge;
				PRODUCT_NAME = "$(TARGET_NAME)";
				SWIFT_EMIT_LOC_STRINGS = YES;
				SWIFT_VERSION = 5.0;
				TARGETED_DEVICE_FAMILY = "1,2";
			};
			name = Release;
		};
/* End XCBuildConfiguration section */

/* Begin XCConfigurationList section */
		2BDC39D52964278200D109A1 /* Build configuration list for PBXProject "NanoChallenge" */ = {
			isa = XCConfigurationList;
			buildConfigurations = (
				2BDC39E62964278300D109A1 /* Debug */,
				2BDC39E72964278300D109A1 /* Release */,
			);
			defaultConfigurationIsVisible = 0;
			defaultConfigurationName = Release;
		};
		2BDC39E82964278300D109A1 /* Build configuration list for PBXNativeTarget "NanoChallenge" */ = {
			isa = XCConfigurationList;
			buildConfigurations = (
				2BDC39E92964278300D109A1 /* Debug */,
				2BDC39EA2964278300D109A1 /* Release */,
			);
			defaultConfigurationIsVisible = 0;
			defaultConfigurationName = Release;
		};
/* End XCConfigurationList section */
	};
	rootObject = 2BDC39D22964278200D109A1 /* Project object */;
}
